
Microsoft Visual Studio Solution File, Format Version 12.00
# Visual Studio Version 17
VisualStudioVersion = 17.8.34322.80
MinimumVisualStudioVersion = 10.0.40219.1
Project("{FAE04EC0-301F-11D3-BF4B-00C04F79EFBC}") = "ShoppingListApp", "ShoppingListApp.csproj", "{B60B8C64-F572-49CB-8214-93692704B515}"
EndProject
Global
	GlobalSection(SolutionConfigurationPlatforms) = preSolution
		Debug|Any CPU = Debug|Any CPU
		Release|Any CPU = Release|Any CPU
	EndGlobalSection
	GlobalSection(ProjectConfigurationPlatforms) = postSolution
		{B60B8C64-F572-49CB-8214-93692704B515}.Debug|Any CPU.ActiveCfg = Debug|Any CPU
		{B60B8C64-F572-49CB-8214-93692704B515}.Debug|Any CPU.Build.0 = Debug|Any CPU
		{B60B8C64-F572-49CB-8214-93692704B515}.Release|Any CPU.ActiveCfg = Release|Any CPU
		{B60B8C64-F572-49CB-8214-93692704B515}.Release|Any CPU.Build.0 = Release|Any CPU
	EndGlobalSection
	GlobalSection(SolutionProperties) = preSolution
		HideSolutionNode = FALSE
	EndGlobalSection
	GlobalSection(ExtensibilityGlobals) = postSolution
		SolutionGuid = {B0D46565-3EA4-4FAE-AC3D-61C7FECEB727}
	EndGlobalSection
EndGlobal
